# THIS IS AN AUTOGENERATED FILE. DO NOT EDIT THIS FILE DIRECTLY.
# yarn lockfile v1


react-native-iphone-x-helper@^1.0.2:
  version "1.2.1"
  resolved "https://registry.yarnpkg.com/react-native-iphone-x-helper/-/react-native-iphone-x-helper-1.2.1.tgz#645e2ffbbb49e80844bb4cbbe34a126fda1e6772"
  integrity sha512-/VbpIEp8tSNNHIvstuA3Swx610whci1Zpc9mqNkqn14DkMbw+ORviln2u0XyHG1kPvvwTNGZY6QpeFwxYaSdbQ==

react-native-responsive-fontsize@^0.2.1:
  version "0.2.1"
  resolved "https://registry.yarnpkg.com/react-native-responsive-fontsize/-/react-native-responsive-fontsize-0.2.1.tgz#c18840e622808702d89f0a3286058f5732f9747d"
  integrity sha512-2Y+oxhX2KtWcJGSlo+Q/DEmVq4lVTNIsKm11FpgRTMvKdbOacaXIfSOmdQNU09R/rZ8NkMQhzEKvfCkO2nDHXA==
  dependencies:
    react-native-iphone-x-helper "^1.0.2"

react-native-responsive-screen@^1.2.2:
  version "1.2.2"
  resolved "https://registry.yarnpkg.com/react-native-responsive-screen/-/react-native-responsive-screen-1.2.2.tgz#59d82146b61c62510032fb795652335433f05f93"
  integrity sha512-0UDQIBD+bW7+3NNt+ukSleUkKxbRiNupmzLQjdjyRoAjqxidN8+1gs0mHXfmhowcg2b875zTYrtQUG3022yHKw==
